// !$*UTF8*$!
{
	archiveVersion = 1;
	classes = {
	};
	objectVersion = 50;
	objects = {

/* Begin PBXBuildFile section */
		6E016FA425B4C33300DD9580 /* HTTPClient.swift in Sources */ = {isa = PBXBuildFile; fileRef = 6E016FA325B4C33300DD9580 /* HTTPClient.swift */; };
		6E016FAA25B4C36C00DD9580 /* HTTPClientError.swift in Sources */ = {isa = PBXBuildFile; fileRef = 6E016FA925B4C36C00DD9580 /* HTTPClientError.swift */; };
		6E016FAE25B4C3D700DD9580 /* DefaultHTTPClient.swift in Sources */ = {isa = PBXBuildFile; fileRef = 6E016FAD25B4C3D700DD9580 /* DefaultHTTPClient.swift */; };
		6E016FB425B4C77000DD9580 /* DefaultForecastFetcher.swift in Sources */ = {isa = PBXBuildFile; fileRef = 6E016FB325B4C77000DD9580 /* DefaultForecastFetcher.swift */; };
		6E016FB925B4CACC00DD9580 /* Endpoint.swift in Sources */ = {isa = PBXBuildFile; fileRef = 6E016FB825B4CACC00DD9580 /* Endpoint.swift */; };
		6E016FC125B4DB0700DD9580 /* DefaultForecastFetcherTests.swift in Sources */ = {isa = PBXBuildFile; fileRef = 6E016FC025B4DB0700DD9580 /* DefaultForecastFetcherTests.swift */; };
		6E016FC925B4DD3600DD9580 /* HTTPClientSpy.swift in Sources */ = {isa = PBXBuildFile; fileRef = 6E016FC825B4DD3600DD9580 /* HTTPClientSpy.swift */; };
		6E2F9C0925B76457004370EC /* ForecastConverterSpy.swift in Sources */ = {isa = PBXBuildFile; fileRef = 6E2F9C0325B7644E004370EC /* ForecastConverterSpy.swift */; };
		6E2F9C1225B76534004370EC /* ForecastFixture.swift in Sources */ = {isa = PBXBuildFile; fileRef = 6E2F9C0E25B76505004370EC /* ForecastFixture.swift */; };
		6E2F9C1825B76BE2004370EC /* DefaultForecastConverter.swift in Sources */ = {isa = PBXBuildFile; fileRef = 6E2F9C1725B76BE2004370EC /* DefaultForecastConverter.swift */; };
		6E2F9C1C25B76C45004370EC /* DefaultForecastConverterTests.swift in Sources */ = {isa = PBXBuildFile; fileRef = 6E2F9C1B25B76C45004370EC /* DefaultForecastConverterTests.swift */; };
		6E2F9C2425B777CF004370EC /* CurrentDayJSON.swift in Sources */ = {isa = PBXBuildFile; fileRef = 6E2F9C2325B777CE004370EC /* CurrentDayJSON.swift */; };
		6E2F9C2A25B7791D004370EC /* CurrentDay.swift in Sources */ = {isa = PBXBuildFile; fileRef = 6E2F9C2925B7791D004370EC /* CurrentDay.swift */; };
		6E2F9C3325B77B0A004370EC /* CurrentDayFixture.swift in Sources */ = {isa = PBXBuildFile; fileRef = 6E2F9C2F25B77B05004370EC /* CurrentDayFixture.swift */; };
		6E9080B825B39514008AEE80 /* AppDelegate.swift in Sources */ = {isa = PBXBuildFile; fileRef = 6E9080B725B39514008AEE80 /* AppDelegate.swift */; };
		6E9080BA25B39514008AEE80 /* SceneDelegate.swift in Sources */ = {isa = PBXBuildFile; fileRef = 6E9080B925B39514008AEE80 /* SceneDelegate.swift */; };
		6E9080C125B39515008AEE80 /* Assets.xcassets in Resources */ = {isa = PBXBuildFile; fileRef = 6E9080C025B39515008AEE80 /* Assets.xcassets */; };
		6E9080C425B39515008AEE80 /* LaunchScreen.storyboard in Resources */ = {isa = PBXBuildFile; fileRef = 6E9080C225B39515008AEE80 /* LaunchScreen.storyboard */; };
		6E90810825B47861008AEE80 /* RequestForecastExecutorTests.swift in Sources */ = {isa = PBXBuildFile; fileRef = 6E90810725B47861008AEE80 /* RequestForecastExecutorTests.swift */; };
		6E90811025B4799D008AEE80 /* Forecast.swift in Sources */ = {isa = PBXBuildFile; fileRef = 6E90810F25B4799D008AEE80 /* Forecast.swift */; };
		6E90811825B47A3C008AEE80 /* ForecastJSON.swift in Sources */ = {isa = PBXBuildFile; fileRef = 6E90811725B47A3C008AEE80 /* ForecastJSON.swift */; };
		6E90812325B48BBC008AEE80 /* ForecastFetcherSpy.swift in Sources */ = {isa = PBXBuildFile; fileRef = 6E90812225B48BBC008AEE80 /* ForecastFetcherSpy.swift */; };
		6E90812825B48C2B008AEE80 /* RequestForecast.swift in Sources */ = {isa = PBXBuildFile; fileRef = 6E90812725B48C2B008AEE80 /* RequestForecast.swift */; };
		6E90813025B48C5C008AEE80 /* ForecastFetcher.swift in Sources */ = {isa = PBXBuildFile; fileRef = 6E90812F25B48C5C008AEE80 /* ForecastFetcher.swift */; };
		6E90813D25B48D27008AEE80 /* CityFixture.swift in Sources */ = {isa = PBXBuildFile; fileRef = 6E90813C25B48D27008AEE80 /* CityFixture.swift */; };
		6EA1CB0F25BB38B500152223 /* ForecastViewController+ForecastScreen.swift in Sources */ = {isa = PBXBuildFile; fileRef = 6EA1CB0E25BB38B500152223 /* ForecastViewController+ForecastScreen.swift */; };
		6EA1CB1525BB45E700152223 /* UILabel+AnimatedText.swift in Sources */ = {isa = PBXBuildFile; fileRef = 6EA1CB1425BB45E700152223 /* UILabel+AnimatedText.swift */; };
		6EBD0D9225B61E8C000B995C /* ForecastConverter.swift in Sources */ = {isa = PBXBuildFile; fileRef = 6EBD0D9125B61E8C000B995C /* ForecastConverter.swift */; };
		6ED2FECA25B490390004C938 /* Day.swift in Sources */ = {isa = PBXBuildFile; fileRef = 6ED2FEC925B490390004C938 /* Day.swift */; };
		6ED2FECE25B4905A0004C938 /* Temperature.swift in Sources */ = {isa = PBXBuildFile; fileRef = 6ED2FECD25B4905A0004C938 /* Temperature.swift */; };
		6ED2FED225B4906E0004C938 /* Weather.swift in Sources */ = {isa = PBXBuildFile; fileRef = 6ED2FED125B4906E0004C938 /* Weather.swift */; };
		6ED2FED625B490800004C938 /* City.swift in Sources */ = {isa = PBXBuildFile; fileRef = 6ED2FED525B490800004C938 /* City.swift */; };
		6ED2FEDA25B4909B0004C938 /* DayJSON.swift in Sources */ = {isa = PBXBuildFile; fileRef = 6ED2FED925B4909B0004C938 /* DayJSON.swift */; };
		6ED2FEDE25B490AC0004C938 /* TemperatureJSON.swift in Sources */ = {isa = PBXBuildFile; fileRef = 6ED2FEDD25B490AC0004C938 /* TemperatureJSON.swift */; };
		6ED2FEE225B490C50004C938 /* WeatherJSON.swift in Sources */ = {isa = PBXBuildFile; fileRef = 6ED2FEE125B490C50004C938 /* WeatherJSON.swift */; };
		6ED4400825B8C39A00E652B3 /* Forecast.storyboard in Resources */ = {isa = PBXBuildFile; fileRef = 6ED4400725B8C39A00E652B3 /* Forecast.storyboard */; };
		6ED4400D25B8C3CD00E652B3 /* ForecastViewController.swift in Sources */ = {isa = PBXBuildFile; fileRef = 6ED4400C25B8C3CD00E652B3 /* ForecastViewController.swift */; };
		6ED4401225B8C4AD00E652B3 /* CurrentDayView.xib in Resources */ = {isa = PBXBuildFile; fileRef = 6ED4401125B8C4AD00E652B3 /* CurrentDayView.xib */; };
		6ED4401625B8C4C800E652B3 /* CurrentDayView.swift in Sources */ = {isa = PBXBuildFile; fileRef = 6ED4401525B8C4C800E652B3 /* CurrentDayView.swift */; };
		6ED4401D25B8C90D00E652B3 /* DayView.xib in Resources */ = {isa = PBXBuildFile; fileRef = 6ED4401C25B8C90D00E652B3 /* DayView.xib */; };
		6ED4402125B8C92900E652B3 /* DayView.swift in Sources */ = {isa = PBXBuildFile; fileRef = 6ED4402025B8C92900E652B3 /* DayView.swift */; };
		6EFE12E125B9FF6000D787DA /* DependencyProvider.swift in Sources */ = {isa = PBXBuildFile; fileRef = 6EFE12E025B9FF6000D787DA /* DependencyProvider.swift */; };
		6EFE12E525B9FFCE00D787DA /* DependencyReceiver.swift in Sources */ = {isa = PBXBuildFile; fileRef = 6EFE12E425B9FFCE00D787DA /* DependencyReceiver.swift */; };
		6EFE12E925BA003300D787DA /* DependencyConfigurator.swift in Sources */ = {isa = PBXBuildFile; fileRef = 6EFE12E825BA003300D787DA /* DependencyConfigurator.swift */; };
		6EFE132925BA060E00D787DA /* ForecastPresenter.swift in Sources */ = {isa = PBXBuildFile; fileRef = 6EFE132825BA060E00D787DA /* ForecastPresenter.swift */; };
		6EFE133025BA063E00D787DA /* ForecastPresenterTests.swift in Sources */ = {isa = PBXBuildFile; fileRef = 6EFE132F25BA063E00D787DA /* ForecastPresenterTests.swift */; };
		6EFE133625BA079C00D787DA /* ForecastScreen.swift in Sources */ = {isa = PBXBuildFile; fileRef = 6EFE133525BA079C00D787DA /* ForecastScreen.swift */; };
		6EFE134625BA18EE00D787DA /* RequestForecastResult.swift in Sources */ = {isa = PBXBuildFile; fileRef = 6EFE134525BA18EE00D787DA /* RequestForecastResult.swift */; };
		6EFE134A25BA190400D787DA /* RequestForecastError.swift in Sources */ = {isa = PBXBuildFile; fileRef = 6EFE134925BA190400D787DA /* RequestForecastError.swift */; };
		6EFE134E25BA192700D787DA /* ForecastFetcherResult.swift in Sources */ = {isa = PBXBuildFile; fileRef = 6EFE134D25BA192700D787DA /* ForecastFetcherResult.swift */; };
		6EFE135425BA193900D787DA /* ForecastFetcherError.swift in Sources */ = {isa = PBXBuildFile; fileRef = 6EFE135325BA193900D787DA /* ForecastFetcherError.swift */; };
		6EFE136625BA1DBF00D787DA /* RequestForecastExecutor.swift in Sources */ = {isa = PBXBuildFile; fileRef = 6EFE136525BA1DBF00D787DA /* RequestForecastExecutor.swift */; };
		6EFE136F25BA47DA00D787DA /* InputCity.swift in Sources */ = {isa = PBXBuildFile; fileRef = 6EFE136E25BA47DA00D787DA /* InputCity.swift */; };
		6EFE137B25BA487300D787DA /* InputCityFixture.swift in Sources */ = {isa = PBXBuildFile; fileRef = 6EFE137325BA484500D787DA /* InputCityFixture.swift */; };
		6EFE138125BA4DFA00D787DA /* CurrentDayViewUpdate.swift in Sources */ = {isa = PBXBuildFile; fileRef = 6EFE138025BA4DFA00D787DA /* CurrentDayViewUpdate.swift */; };
		6EFE138725BA4EE900D787DA /* TemperatureFormatter.swift in Sources */ = {isa = PBXBuildFile; fileRef = 6EFE138625BA4EE900D787DA /* TemperatureFormatter.swift */; };
		6EFE138D25BA4FDB00D787DA /* WeekdayFormatter.swift in Sources */ = {isa = PBXBuildFile; fileRef = 6EFE138C25BA4FDB00D787DA /* WeekdayFormatter.swift */; };
		6EFE139125BA502400D787DA /* CurrentDateFormatter.swift in Sources */ = {isa = PBXBuildFile; fileRef = 6EFE139025BA502400D787DA /* CurrentDateFormatter.swift */; };
		6EFE139725BA519600D787DA /* DayViewUpdate.swift in Sources */ = {isa = PBXBuildFile; fileRef = 6EFE139625BA519600D787DA /* DayViewUpdate.swift */; };
/* End PBXBuildFile section */

/* Begin PBXContainerItemProxy section */
		6E9080CB25B39516008AEE80 /* PBXContainerItemProxy */ = {
			isa = PBXContainerItemProxy;
			containerPortal = 6E9080AC25B39513008AEE80 /* Project object */;
			proxyType = 1;
			remoteGlobalIDString = 6E9080B325B39513008AEE80;
			remoteInfo = WeatherApp;
		};
/* End PBXContainerItemProxy section */

/* Begin PBXFileReference section */
		6E016FA325B4C33300DD9580 /* HTTPClient.swift */ = {isa = PBXFileReference; lastKnownFileType = sourcecode.swift; path = HTTPClient.swift; sourceTree = "<group>"; };
		6E016FA925B4C36C00DD9580 /* HTTPClientError.swift */ = {isa = PBXFileReference; lastKnownFileType = sourcecode.swift; path = HTTPClientError.swift; sourceTree = "<group>"; };
		6E016FAD25B4C3D700DD9580 /* DefaultHTTPClient.swift */ = {isa = PBXFileReference; lastKnownFileType = sourcecode.swift; path = DefaultHTTPClient.swift; sourceTree = "<group>"; };
		6E016FB325B4C77000DD9580 /* DefaultForecastFetcher.swift */ = {isa = PBXFileReference; lastKnownFileType = sourcecode.swift; path = DefaultForecastFetcher.swift; sourceTree = "<group>"; };
		6E016FB825B4CACC00DD9580 /* Endpoint.swift */ = {isa = PBXFileReference; lastKnownFileType = sourcecode.swift; path = Endpoint.swift; sourceTree = "<group>"; };
		6E016FC025B4DB0700DD9580 /* DefaultForecastFetcherTests.swift */ = {isa = PBXFileReference; lastKnownFileType = sourcecode.swift; path = DefaultForecastFetcherTests.swift; sourceTree = "<group>"; };
		6E016FC825B4DD3600DD9580 /* HTTPClientSpy.swift */ = {isa = PBXFileReference; lastKnownFileType = sourcecode.swift; path = HTTPClientSpy.swift; sourceTree = "<group>"; };
		6E2F9C0325B7644E004370EC /* ForecastConverterSpy.swift */ = {isa = PBXFileReference; lastKnownFileType = sourcecode.swift; path = ForecastConverterSpy.swift; sourceTree = "<group>"; };
		6E2F9C0E25B76505004370EC /* ForecastFixture.swift */ = {isa = PBXFileReference; lastKnownFileType = sourcecode.swift; path = ForecastFixture.swift; sourceTree = "<group>"; };
		6E2F9C1725B76BE2004370EC /* DefaultForecastConverter.swift */ = {isa = PBXFileReference; lastKnownFileType = sourcecode.swift; path = DefaultForecastConverter.swift; sourceTree = "<group>"; };
		6E2F9C1B25B76C45004370EC /* DefaultForecastConverterTests.swift */ = {isa = PBXFileReference; lastKnownFileType = sourcecode.swift; path = DefaultForecastConverterTests.swift; sourceTree = "<group>"; };
		6E2F9C2325B777CE004370EC /* CurrentDayJSON.swift */ = {isa = PBXFileReference; lastKnownFileType = sourcecode.swift; path = CurrentDayJSON.swift; sourceTree = "<group>"; };
		6E2F9C2925B7791D004370EC /* CurrentDay.swift */ = {isa = PBXFileReference; lastKnownFileType = sourcecode.swift; path = CurrentDay.swift; sourceTree = "<group>"; };
		6E2F9C2F25B77B05004370EC /* CurrentDayFixture.swift */ = {isa = PBXFileReference; lastKnownFileType = sourcecode.swift; path = CurrentDayFixture.swift; sourceTree = "<group>"; };
		6E9080B425B39513008AEE80 /* WeatherApp.app */ = {isa = PBXFileReference; explicitFileType = wrapper.application; includeInIndex = 0; path = WeatherApp.app; sourceTree = BUILT_PRODUCTS_DIR; };
		6E9080B725B39514008AEE80 /* AppDelegate.swift */ = {isa = PBXFileReference; lastKnownFileType = sourcecode.swift; path = AppDelegate.swift; sourceTree = "<group>"; };
		6E9080B925B39514008AEE80 /* SceneDelegate.swift */ = {isa = PBXFileReference; lastKnownFileType = sourcecode.swift; path = SceneDelegate.swift; sourceTree = "<group>"; };
		6E9080C025B39515008AEE80 /* Assets.xcassets */ = {isa = PBXFileReference; lastKnownFileType = folder.assetcatalog; path = Assets.xcassets; sourceTree = "<group>"; };
		6E9080C325B39515008AEE80 /* Base */ = {isa = PBXFileReference; lastKnownFileType = file.storyboard; name = Base; path = Base.lproj/LaunchScreen.storyboard; sourceTree = "<group>"; };
		6E9080C525B39515008AEE80 /* Info.plist */ = {isa = PBXFileReference; lastKnownFileType = text.plist.xml; path = Info.plist; sourceTree = "<group>"; };
		6E9080CA25B39516008AEE80 /* WeatherAppTests.xctest */ = {isa = PBXFileReference; explicitFileType = wrapper.cfbundle; includeInIndex = 0; path = WeatherAppTests.xctest; sourceTree = BUILT_PRODUCTS_DIR; };
		6E9080D025B39516008AEE80 /* Info.plist */ = {isa = PBXFileReference; lastKnownFileType = text.plist.xml; path = Info.plist; sourceTree = "<group>"; };
		6E90810725B47861008AEE80 /* RequestForecastExecutorTests.swift */ = {isa = PBXFileReference; lastKnownFileType = sourcecode.swift; path = RequestForecastExecutorTests.swift; sourceTree = "<group>"; };
		6E90810F25B4799D008AEE80 /* Forecast.swift */ = {isa = PBXFileReference; lastKnownFileType = sourcecode.swift; path = Forecast.swift; sourceTree = "<group>"; };
		6E90811725B47A3C008AEE80 /* ForecastJSON.swift */ = {isa = PBXFileReference; lastKnownFileType = sourcecode.swift; path = ForecastJSON.swift; sourceTree = "<group>"; };
		6E90812225B48BBC008AEE80 /* ForecastFetcherSpy.swift */ = {isa = PBXFileReference; lastKnownFileType = sourcecode.swift; path = ForecastFetcherSpy.swift; sourceTree = "<group>"; };
		6E90812725B48C2B008AEE80 /* RequestForecast.swift */ = {isa = PBXFileReference; lastKnownFileType = sourcecode.swift; path = RequestForecast.swift; sourceTree = "<group>"; };
		6E90812F25B48C5C008AEE80 /* ForecastFetcher.swift */ = {isa = PBXFileReference; lastKnownFileType = sourcecode.swift; path = ForecastFetcher.swift; sourceTree = "<group>"; };
		6E90813C25B48D27008AEE80 /* CityFixture.swift */ = {isa = PBXFileReference; lastKnownFileType = sourcecode.swift; path = CityFixture.swift; sourceTree = "<group>"; };
		6EA1CB0E25BB38B500152223 /* ForecastViewController+ForecastScreen.swift */ = {isa = PBXFileReference; lastKnownFileType = sourcecode.swift; path = "ForecastViewController+ForecastScreen.swift"; sourceTree = "<group>"; };
		6EA1CB1425BB45E700152223 /* UILabel+AnimatedText.swift */ = {isa = PBXFileReference; lastKnownFileType = sourcecode.swift; path = "UILabel+AnimatedText.swift"; sourceTree = "<group>"; };
		6EBD0D9125B61E8C000B995C /* ForecastConverter.swift */ = {isa = PBXFileReference; lastKnownFileType = sourcecode.swift; path = ForecastConverter.swift; sourceTree = "<group>"; };
		6ED2FEC925B490390004C938 /* Day.swift */ = {isa = PBXFileReference; lastKnownFileType = sourcecode.swift; path = Day.swift; sourceTree = "<group>"; };
		6ED2FECD25B4905A0004C938 /* Temperature.swift */ = {isa = PBXFileReference; lastKnownFileType = sourcecode.swift; path = Temperature.swift; sourceTree = "<group>"; };
		6ED2FED125B4906E0004C938 /* Weather.swift */ = {isa = PBXFileReference; lastKnownFileType = sourcecode.swift; path = Weather.swift; sourceTree = "<group>"; };
		6ED2FED525B490800004C938 /* City.swift */ = {isa = PBXFileReference; lastKnownFileType = sourcecode.swift; path = City.swift; sourceTree = "<group>"; };
		6ED2FED925B4909B0004C938 /* DayJSON.swift */ = {isa = PBXFileReference; lastKnownFileType = sourcecode.swift; path = DayJSON.swift; sourceTree = "<group>"; };
		6ED2FEDD25B490AC0004C938 /* TemperatureJSON.swift */ = {isa = PBXFileReference; lastKnownFileType = sourcecode.swift; path = TemperatureJSON.swift; sourceTree = "<group>"; };
		6ED2FEE125B490C50004C938 /* WeatherJSON.swift */ = {isa = PBXFileReference; lastKnownFileType = sourcecode.swift; path = WeatherJSON.swift; sourceTree = "<group>"; };
		6ED4400725B8C39A00E652B3 /* Forecast.storyboard */ = {isa = PBXFileReference; lastKnownFileType = file.storyboard; path = Forecast.storyboard; sourceTree = "<group>"; };
		6ED4400C25B8C3CD00E652B3 /* ForecastViewController.swift */ = {isa = PBXFileReference; lastKnownFileType = sourcecode.swift; path = ForecastViewController.swift; sourceTree = "<group>"; };
		6ED4401125B8C4AD00E652B3 /* CurrentDayView.xib */ = {isa = PBXFileReference; lastKnownFileType = file.xib; path = CurrentDayView.xib; sourceTree = "<group>"; };
		6ED4401525B8C4C800E652B3 /* CurrentDayView.swift */ = {isa = PBXFileReference; lastKnownFileType = sourcecode.swift; path = CurrentDayView.swift; sourceTree = "<group>"; };
		6ED4401C25B8C90D00E652B3 /* DayView.xib */ = {isa = PBXFileReference; lastKnownFileType = file.xib; path = DayView.xib; sourceTree = "<group>"; };
		6ED4402025B8C92900E652B3 /* DayView.swift */ = {isa = PBXFileReference; lastKnownFileType = sourcecode.swift; path = DayView.swift; sourceTree = "<group>"; };
		6EFE12E025B9FF6000D787DA /* DependencyProvider.swift */ = {isa = PBXFileReference; lastKnownFileType = sourcecode.swift; path = DependencyProvider.swift; sourceTree = "<group>"; };
		6EFE12E425B9FFCE00D787DA /* DependencyReceiver.swift */ = {isa = PBXFileReference; lastKnownFileType = sourcecode.swift; path = DependencyReceiver.swift; sourceTree = "<group>"; };
		6EFE12E825BA003300D787DA /* DependencyConfigurator.swift */ = {isa = PBXFileReference; lastKnownFileType = sourcecode.swift; path = DependencyConfigurator.swift; sourceTree = "<group>"; };
		6EFE132825BA060E00D787DA /* ForecastPresenter.swift */ = {isa = PBXFileReference; lastKnownFileType = sourcecode.swift; path = ForecastPresenter.swift; sourceTree = "<group>"; };
		6EFE132F25BA063E00D787DA /* ForecastPresenterTests.swift */ = {isa = PBXFileReference; lastKnownFileType = sourcecode.swift; path = ForecastPresenterTests.swift; sourceTree = "<group>"; };
		6EFE133525BA079C00D787DA /* ForecastScreen.swift */ = {isa = PBXFileReference; lastKnownFileType = sourcecode.swift; path = ForecastScreen.swift; sourceTree = "<group>"; };
		6EFE134525BA18EE00D787DA /* RequestForecastResult.swift */ = {isa = PBXFileReference; lastKnownFileType = sourcecode.swift; path = RequestForecastResult.swift; sourceTree = "<group>"; };
		6EFE134925BA190400D787DA /* RequestForecastError.swift */ = {isa = PBXFileReference; lastKnownFileType = sourcecode.swift; path = RequestForecastError.swift; sourceTree = "<group>"; };
		6EFE134D25BA192700D787DA /* ForecastFetcherResult.swift */ = {isa = PBXFileReference; lastKnownFileType = sourcecode.swift; path = ForecastFetcherResult.swift; sourceTree = "<group>"; };
		6EFE135325BA193900D787DA /* ForecastFetcherError.swift */ = {isa = PBXFileReference; lastKnownFileType = sourcecode.swift; path = ForecastFetcherError.swift; sourceTree = "<group>"; };
		6EFE136525BA1DBF00D787DA /* RequestForecastExecutor.swift */ = {isa = PBXFileReference; lastKnownFileType = sourcecode.swift; path = RequestForecastExecutor.swift; sourceTree = "<group>"; };
		6EFE136E25BA47DA00D787DA /* InputCity.swift */ = {isa = PBXFileReference; lastKnownFileType = sourcecode.swift; path = InputCity.swift; sourceTree = "<group>"; };
		6EFE137325BA484500D787DA /* InputCityFixture.swift */ = {isa = PBXFileReference; lastKnownFileType = sourcecode.swift; path = InputCityFixture.swift; sourceTree = "<group>"; };
		6EFE138025BA4DFA00D787DA /* CurrentDayViewUpdate.swift */ = {isa = PBXFileReference; lastKnownFileType = sourcecode.swift; path = CurrentDayViewUpdate.swift; sourceTree = "<group>"; };
		6EFE138625BA4EE900D787DA /* TemperatureFormatter.swift */ = {isa = PBXFileReference; lastKnownFileType = sourcecode.swift; path = TemperatureFormatter.swift; sourceTree = "<group>"; };
		6EFE138C25BA4FDB00D787DA /* WeekdayFormatter.swift */ = {isa = PBXFileReference; lastKnownFileType = sourcecode.swift; path = WeekdayFormatter.swift; sourceTree = "<group>"; };
		6EFE139025BA502400D787DA /* CurrentDateFormatter.swift */ = {isa = PBXFileReference; lastKnownFileType = sourcecode.swift; path = CurrentDateFormatter.swift; sourceTree = "<group>"; };
		6EFE139625BA519600D787DA /* DayViewUpdate.swift */ = {isa = PBXFileReference; lastKnownFileType = sourcecode.swift; path = DayViewUpdate.swift; sourceTree = "<group>"; };
/* End PBXFileReference section */

/* Begin PBXFrameworksBuildPhase section */
		6E9080B125B39513008AEE80 /* Frameworks */ = {
			isa = PBXFrameworksBuildPhase;
			buildActionMask = 2147483647;
			files = (
			);
			runOnlyForDeploymentPostprocessing = 0;
		};
		6E9080C725B39516008AEE80 /* Frameworks */ = {
			isa = PBXFrameworksBuildPhase;
			buildActionMask = 2147483647;
			files = (
			);
			runOnlyForDeploymentPostprocessing = 0;
		};
/* End PBXFrameworksBuildPhase section */

/* Begin PBXGroup section */
		6E016FA025B49BAA00DD9580 /* RequestForecast */ = {
			isa = PBXGroup;
			children = (
				6EFE136025BA1C0E00D787DA /* ForecastFetcher */,
			);
			path = RequestForecast;
			sourceTree = "<group>";
		};
		6E016FA125B4C30C00DD9580 /* Shared */ = {
			isa = PBXGroup;
			children = (
				6E016FA225B4C31400DD9580 /* HTTP */,
			);
			path = Shared;
			sourceTree = "<group>";
		};
		6E016FA225B4C31400DD9580 /* HTTP */ = {
			isa = PBXGroup;
			children = (
				6E016FB725B4CAC300DD9580 /* Model */,
				6E016FAD25B4C3D700DD9580 /* DefaultHTTPClient.swift */,
				6E016FA325B4C33300DD9580 /* HTTPClient.swift */,
				6E016FA925B4C36C00DD9580 /* HTTPClientError.swift */,
			);
			path = HTTP;
			sourceTree = "<group>";
		};
		6E016FB725B4CAC300DD9580 /* Model */ = {
			isa = PBXGroup;
			children = (
				6E016FB825B4CACC00DD9580 /* Endpoint.swift */,
			);
			path = Model;
			sourceTree = "<group>";
		};
		6E016FBC25B4DAD100DD9580 /* App */ = {
			isa = PBXGroup;
			children = (
				6EFE132C25BA062000D787DA /* Presentation */,
				6E016FBD25B4DADB00DD9580 /* Infrastructure */,
			);
			path = App;
			sourceTree = "<group>";
		};
		6E016FBD25B4DADB00DD9580 /* Infrastructure */ = {
			isa = PBXGroup;
			children = (
				6E016FC625B4DD1B00DD9580 /* Shared */,
				6E016FBE25B4DAE800DD9580 /* Forecast */,
			);
			path = Infrastructure;
			sourceTree = "<group>";
		};
		6E016FBE25B4DAE800DD9580 /* Forecast */ = {
			isa = PBXGroup;
			children = (
				6E2F9C0225B76435004370EC /* Converter */,
				6E016FBF25B4DAF600DD9580 /* RequestForecast */,
			);
			path = Forecast;
			sourceTree = "<group>";
		};
		6E016FBF25B4DAF600DD9580 /* RequestForecast */ = {
			isa = PBXGroup;
			children = (
				6EFE136125BA1C2500D787DA /* ForecastFetcher */,
			);
			path = RequestForecast;
			sourceTree = "<group>";
		};
		6E016FC625B4DD1B00DD9580 /* Shared */ = {
			isa = PBXGroup;
			children = (
				6E016FC725B4DD2600DD9580 /* HTTP */,
			);
			path = Shared;
			sourceTree = "<group>";
		};
		6E016FC725B4DD2600DD9580 /* HTTP */ = {
			isa = PBXGroup;
			children = (
				6E016FC825B4DD3600DD9580 /* HTTPClientSpy.swift */,
			);
			path = HTTP;
			sourceTree = "<group>";
		};
		6E2F9C0225B76435004370EC /* Converter */ = {
			isa = PBXGroup;
			children = (
				6E2F9C1B25B76C45004370EC /* DefaultForecastConverterTests.swift */,
				6E2F9C0325B7644E004370EC /* ForecastConverterSpy.swift */,
			);
			path = Converter;
			sourceTree = "<group>";
		};
		6E9080AB25B39513008AEE80 = {
			isa = PBXGroup;
			children = (
				6E9080B625B39513008AEE80 /* Sources */,
				6E9080CD25B39516008AEE80 /* Tests */,
				6E9080B525B39513008AEE80 /* Products */,
			);
			sourceTree = "<group>";
		};
		6E9080B525B39513008AEE80 /* Products */ = {
			isa = PBXGroup;
			children = (
				6E9080B425B39513008AEE80 /* WeatherApp.app */,
				6E9080CA25B39516008AEE80 /* WeatherAppTests.xctest */,
			);
			name = Products;
			sourceTree = "<group>";
		};
		6E9080B625B39513008AEE80 /* Sources */ = {
			isa = PBXGroup;
			children = (
				6E9080C525B39515008AEE80 /* Info.plist */,
				6E9080F625B47572008AEE80 /* App */,
				6E9080F725B4757B008AEE80 /* Core */,
			);
			path = Sources;
			sourceTree = "<group>";
		};
		6E9080CD25B39516008AEE80 /* Tests */ = {
			isa = PBXGroup;
			children = (
				6E016FBC25B4DAD100DD9580 /* App */,
				6E90810125B4776F008AEE80 /* Core */,
				6E9080D025B39516008AEE80 /* Info.plist */,
			);
			path = Tests;
			sourceTree = "<group>";
		};
		6E9080F625B47572008AEE80 /* App */ = {
			isa = PBXGroup;
			children = (
				6E90811425B479E4008AEE80 /* Infrastructure */,
				6EFE12DE25B9FF3100D787DA /* Plugin */,
				6ED2FEE825B4920F0004C938 /* Presentation */,
				6ED2FEE725B491F60004C938 /* Shared */,
			);
			path = App;
			sourceTree = "<group>";
		};
		6E9080F725B4757B008AEE80 /* Core */ = {
			isa = PBXGroup;
			children = (
				6E9080FF25B4771D008AEE80 /* Forecast */,
			);
			path = Core;
			sourceTree = "<group>";
		};
		6E9080FF25B4771D008AEE80 /* Forecast */ = {
			isa = PBXGroup;
			children = (
				6E90810025B47738008AEE80 /* Model */,
				6E90810425B47820008AEE80 /* UseCase */,
			);
			path = Forecast;
			sourceTree = "<group>";
		};
		6E90810025B47738008AEE80 /* Model */ = {
			isa = PBXGroup;
			children = (
				6ED2FED525B490800004C938 /* City.swift */,
				6E2F9C2925B7791D004370EC /* CurrentDay.swift */,
				6ED2FEC925B490390004C938 /* Day.swift */,
				6E90810F25B4799D008AEE80 /* Forecast.swift */,
				6ED2FECD25B4905A0004C938 /* Temperature.swift */,
				6ED2FED125B4906E0004C938 /* Weather.swift */,
			);
			path = Model;
			sourceTree = "<group>";
		};
		6E90810125B4776F008AEE80 /* Core */ = {
			isa = PBXGroup;
			children = (
				6E90810225B47774008AEE80 /* Forecast */,
			);
			path = Core;
			sourceTree = "<group>";
		};
		6E90810225B47774008AEE80 /* Forecast */ = {
			isa = PBXGroup;
			children = (
				6E90813A25B48CEB008AEE80 /* Model */,
				6E90810525B4782C008AEE80 /* UseCase */,
			);
			path = Forecast;
			sourceTree = "<group>";
		};
		6E90810325B477F8008AEE80 /* RequestForecast */ = {
			isa = PBXGroup;
			children = (
				6E90810725B47861008AEE80 /* RequestForecastExecutorTests.swift */,
				6EFE136225BA1C3200D787DA /* ForecastFetcher */,
			);
			path = RequestForecast;
			sourceTree = "<group>";
		};
		6E90810425B47820008AEE80 /* UseCase */ = {
			isa = PBXGroup;
			children = (
				6E90810625B4783A008AEE80 /* RequestForecast */,
			);
			path = UseCase;
			sourceTree = "<group>";
		};
		6E90810525B4782C008AEE80 /* UseCase */ = {
			isa = PBXGroup;
			children = (
				6E90810325B477F8008AEE80 /* RequestForecast */,
			);
			path = UseCase;
			sourceTree = "<group>";
		};
		6E90810625B4783A008AEE80 /* RequestForecast */ = {
			isa = PBXGroup;
			children = (
				6E90812725B48C2B008AEE80 /* RequestForecast.swift */,
				6EFE134925BA190400D787DA /* RequestForecastError.swift */,
				6EFE136525BA1DBF00D787DA /* RequestForecastExecutor.swift */,
				6EFE134525BA18EE00D787DA /* RequestForecastResult.swift */,
				6EFE135F25BA1BA300D787DA /* ForecastFetcher */,
			);
			path = RequestForecast;
			sourceTree = "<group>";
		};
		6E90811425B479E4008AEE80 /* Infrastructure */ = {
			isa = PBXGroup;
			children = (
				6E016FA125B4C30C00DD9580 /* Shared */,
				6E90811525B479F8008AEE80 /* Forecast */,
			);
			path = Infrastructure;
			sourceTree = "<group>";
		};
		6E90811525B479F8008AEE80 /* Forecast */ = {
			isa = PBXGroup;
			children = (
				6EBD0D9025B61E4D000B995C /* Converter */,
				6E90811625B47A03008AEE80 /* Model */,
				6E016FA025B49BAA00DD9580 /* RequestForecast */,
			);
			path = Forecast;
			sourceTree = "<group>";
		};
		6E90811625B47A03008AEE80 /* Model */ = {
			isa = PBXGroup;
			children = (
				6E2F9C2325B777CE004370EC /* CurrentDayJSON.swift */,
				6ED2FED925B4909B0004C938 /* DayJSON.swift */,
				6E90811725B47A3C008AEE80 /* ForecastJSON.swift */,
				6ED2FEDD25B490AC0004C938 /* TemperatureJSON.swift */,
				6ED2FEE125B490C50004C938 /* WeatherJSON.swift */,
			);
			path = Model;
			sourceTree = "<group>";
		};
		6E90813A25B48CEB008AEE80 /* Model */ = {
			isa = PBXGroup;
			children = (
				6E90813C25B48D27008AEE80 /* CityFixture.swift */,
				6E2F9C2F25B77B05004370EC /* CurrentDayFixture.swift */,
				6E2F9C0E25B76505004370EC /* ForecastFixture.swift */,
			);
			path = Model;
			sourceTree = "<group>";
		};
		6EA1CB1225BB45BB00152223 /* Launch */ = {
			isa = PBXGroup;
			children = (
				6E9080C225B39515008AEE80 /* LaunchScreen.storyboard */,
			);
			path = Launch;
			sourceTree = "<group>";
		};
		6EA1CB1325BB45C900152223 /* View */ = {
			isa = PBXGroup;
			children = (
				6EA1CB1425BB45E700152223 /* UILabel+AnimatedText.swift */,
			);
			path = View;
			sourceTree = "<group>";
		};
		6EBD0D9025B61E4D000B995C /* Converter */ = {
			isa = PBXGroup;
			children = (
				6E2F9C1725B76BE2004370EC /* DefaultForecastConverter.swift */,
				6EBD0D9125B61E8C000B995C /* ForecastConverter.swift */,
			);
			path = Converter;
			sourceTree = "<group>";
		};
		6ED2FEE725B491F60004C938 /* Shared */ = {
			isa = PBXGroup;
			children = (
				6E9080B725B39514008AEE80 /* AppDelegate.swift */,
				6E9080B925B39514008AEE80 /* SceneDelegate.swift */,
				6E9080C025B39515008AEE80 /* Assets.xcassets */,
			);
			path = Shared;
			sourceTree = "<group>";
		};
		6ED2FEE825B4920F0004C938 /* Presentation */ = {
			isa = PBXGroup;
			children = (
				6ED4400525B8C02E00E652B3 /* Forecast */,
				6ED2FEE925B492150004C938 /* Shared */,
			);
			path = Presentation;
			sourceTree = "<group>";
		};
		6ED2FEE925B492150004C938 /* Shared */ = {
			isa = PBXGroup;
			children = (
				6EA1CB1225BB45BB00152223 /* Launch */,
				6EA1CB1325BB45C900152223 /* View */,
			);
			path = Shared;
			sourceTree = "<group>";
		};
		6ED4400525B8C02E00E652B3 /* Forecast */ = {
			isa = PBXGroup;
			children = (
				6ED4400B25B8C3A400E652B3 /* Controller */,
				6EFE136D25BA474D00D787DA /* Model */,
				6EFE12A125B9EDD300D787DA /* Presenter */,
				6EFE138425BA4E8200D787DA /* Storyboard */,
				6ED4400625B8C04C00E652B3 /* View */,
			);
			path = Forecast;
			sourceTree = "<group>";
		};
		6ED4400625B8C04C00E652B3 /* View */ = {
			isa = PBXGroup;
			children = (
				6ED4401025B8C45A00E652B3 /* CurrentDay */,
				6ED4401B25B8C8F600E652B3 /* Day */,
				6EFE138525BA4EA700D787DA /* Shared */,
			);
			path = View;
			sourceTree = "<group>";
		};
		6ED4400B25B8C3A400E652B3 /* Controller */ = {
			isa = PBXGroup;
			children = (
				6ED4400C25B8C3CD00E652B3 /* ForecastViewController.swift */,
				6EA1CB0E25BB38B500152223 /* ForecastViewController+ForecastScreen.swift */,
			);
			path = Controller;
			sourceTree = "<group>";
		};
		6ED4401025B8C45A00E652B3 /* CurrentDay */ = {
			isa = PBXGroup;
			children = (
				6ED4401525B8C4C800E652B3 /* CurrentDayView.swift */,
				6EFE138025BA4DFA00D787DA /* CurrentDayViewUpdate.swift */,
				6ED4401125B8C4AD00E652B3 /* CurrentDayView.xib */,
			);
			path = CurrentDay;
			sourceTree = "<group>";
		};
		6ED4401B25B8C8F600E652B3 /* Day */ = {
			isa = PBXGroup;
			children = (
				6ED4402025B8C92900E652B3 /* DayView.swift */,
				6EFE139625BA519600D787DA /* DayViewUpdate.swift */,
				6ED4401C25B8C90D00E652B3 /* DayView.xib */,
			);
			path = Day;
			sourceTree = "<group>";
		};
		6EFE12A125B9EDD300D787DA /* Presenter */ = {
			isa = PBXGroup;
			children = (
				6EFE132825BA060E00D787DA /* ForecastPresenter.swift */,
				6EFE133525BA079C00D787DA /* ForecastScreen.swift */,
			);
			path = Presenter;
			sourceTree = "<group>";
		};
		6EFE12DE25B9FF3100D787DA /* Plugin */ = {
			isa = PBXGroup;
			children = (
				6EFE12DF25B9FF3800D787DA /* Dependency */,
			);
			path = Plugin;
			sourceTree = "<group>";
		};
		6EFE12DF25B9FF3800D787DA /* Dependency */ = {
			isa = PBXGroup;
			children = (
				6EFE12E825BA003300D787DA /* DependencyConfigurator.swift */,
				6EFE12E025B9FF6000D787DA /* DependencyProvider.swift */,
				6EFE12E425B9FFCE00D787DA /* DependencyReceiver.swift */,
			);
			path = Dependency;
			sourceTree = "<group>";
		};
		6EFE132C25BA062000D787DA /* Presentation */ = {
			isa = PBXGroup;
			children = (
				6EFE132D25BA062700D787DA /* Forecast */,
			);
			path = Presentation;
			sourceTree = "<group>";
		};
		6EFE132D25BA062700D787DA /* Forecast */ = {
			isa = PBXGroup;
			children = (
				6EFE137225BA482F00D787DA /* Model */,
				6EFE132E25BA062D00D787DA /* Presenter */,
			);
			path = Forecast;
			sourceTree = "<group>";
		};
		6EFE132E25BA062D00D787DA /* Presenter */ = {
			isa = PBXGroup;
			children = (
				6EFE132F25BA063E00D787DA /* ForecastPresenterTests.swift */,
			);
			path = Presenter;
			sourceTree = "<group>";
		};
		6EFE135F25BA1BA300D787DA /* ForecastFetcher */ = {
			isa = PBXGroup;
			children = (
				6E90812F25B48C5C008AEE80 /* ForecastFetcher.swift */,
				6EFE135325BA193900D787DA /* ForecastFetcherError.swift */,
				6EFE134D25BA192700D787DA /* ForecastFetcherResult.swift */,
			);
			path = ForecastFetcher;
			sourceTree = "<group>";
		};
		6EFE136025BA1C0E00D787DA /* ForecastFetcher */ = {
			isa = PBXGroup;
			children = (
				6E016FB325B4C77000DD9580 /* DefaultForecastFetcher.swift */,
			);
			path = ForecastFetcher;
			sourceTree = "<group>";
		};
		6EFE136125BA1C2500D787DA /* ForecastFetcher */ = {
			isa = PBXGroup;
			children = (
				6E016FC025B4DB0700DD9580 /* DefaultForecastFetcherTests.swift */,
			);
			path = ForecastFetcher;
			sourceTree = "<group>";
		};
		6EFE136225BA1C3200D787DA /* ForecastFetcher */ = {
			isa = PBXGroup;
			children = (
				6E90812225B48BBC008AEE80 /* ForecastFetcherSpy.swift */,
			);
			path = ForecastFetcher;
			sourceTree = "<group>";
		};
		6EFE136D25BA474D00D787DA /* Model */ = {
			isa = PBXGroup;
			children = (
				6EFE136E25BA47DA00D787DA /* InputCity.swift */,
			);
			path = Model;
			sourceTree = "<group>";
		};
		6EFE137225BA482F00D787DA /* Model */ = {
			isa = PBXGroup;
			children = (
				6EFE137325BA484500D787DA /* InputCityFixture.swift */,
			);
			path = Model;
			sourceTree = "<group>";
		};
		6EFE138425BA4E8200D787DA /* Storyboard */ = {
			isa = PBXGroup;
			children = (
				6ED4400725B8C39A00E652B3 /* Forecast.storyboard */,
			);
			path = Storyboard;
			sourceTree = "<group>";
		};
		6EFE138525BA4EA700D787DA /* Shared */ = {
			isa = PBXGroup;
			children = (
				6EFE139025BA502400D787DA /* CurrentDateFormatter.swift */,
				6EFE138625BA4EE900D787DA /* TemperatureFormatter.swift */,
				6EFE138C25BA4FDB00D787DA /* WeekdayFormatter.swift */,
			);
			path = Shared;
			sourceTree = "<group>";
		};
/* End PBXGroup section */

/* Begin PBXNativeTarget section */
		6E9080B325B39513008AEE80 /* WeatherApp */ = {
			isa = PBXNativeTarget;
			buildConfigurationList = 6E9080DE25B39516008AEE80 /* Build configuration list for PBXNativeTarget "WeatherApp" */;
			buildPhases = (
				6E9080B025B39513008AEE80 /* Sources */,
				6E9080B125B39513008AEE80 /* Frameworks */,
				6E9080B225B39513008AEE80 /* Resources */,
			);
			buildRules = (
			);
			dependencies = (
			);
			name = WeatherApp;
			productName = WeatherApp;
			productReference = 6E9080B425B39513008AEE80 /* WeatherApp.app */;
			productType = "com.apple.product-type.application";
		};
		6E9080C925B39516008AEE80 /* WeatherAppTests */ = {
			isa = PBXNativeTarget;
			buildConfigurationList = 6E9080E125B39516008AEE80 /* Build configuration list for PBXNativeTarget "WeatherAppTests" */;
			buildPhases = (
				6E9080C625B39516008AEE80 /* Sources */,
				6E9080C725B39516008AEE80 /* Frameworks */,
				6E9080C825B39516008AEE80 /* Resources */,
			);
			buildRules = (
			);
			dependencies = (
				6E9080CC25B39516008AEE80 /* PBXTargetDependency */,
			);
			name = WeatherAppTests;
			productName = WeatherAppTests;
			productReference = 6E9080CA25B39516008AEE80 /* WeatherAppTests.xctest */;
			productType = "com.apple.product-type.bundle.unit-test";
		};
/* End PBXNativeTarget section */

/* Begin PBXProject section */
		6E9080AC25B39513008AEE80 /* Project object */ = {
			isa = PBXProject;
			attributes = {
				LastSwiftUpdateCheck = 1220;
				LastUpgradeCheck = 1220;
				TargetAttributes = {
					6E9080B325B39513008AEE80 = {
						CreatedOnToolsVersion = 12.2;
					};
					6E9080C925B39516008AEE80 = {
						CreatedOnToolsVersion = 12.2;
						TestTargetID = 6E9080B325B39513008AEE80;
					};
				};
			};
			buildConfigurationList = 6E9080AF25B39513008AEE80 /* Build configuration list for PBXProject "WeatherApp" */;
			compatibilityVersion = "Xcode 9.3";
			developmentRegion = en;
			hasScannedForEncodings = 0;
			knownRegions = (
				en,
				Base,
			);
			mainGroup = 6E9080AB25B39513008AEE80;
			productRefGroup = 6E9080B525B39513008AEE80 /* Products */;
			projectDirPath = "";
			projectRoot = "";
			targets = (
				6E9080B325B39513008AEE80 /* WeatherApp */,
				6E9080C925B39516008AEE80 /* WeatherAppTests */,
			);
		};
/* End PBXProject section */

/* Begin PBXResourcesBuildPhase section */
		6E9080B225B39513008AEE80 /* Resources */ = {
			isa = PBXResourcesBuildPhase;
			buildActionMask = 2147483647;
			files = (
				6ED4401225B8C4AD00E652B3 /* CurrentDayView.xib in Resources */,
				6ED4401D25B8C90D00E652B3 /* DayView.xib in Resources */,
				6E9080C425B39515008AEE80 /* LaunchScreen.storyboard in Resources */,
				6ED4400825B8C39A00E652B3 /* Forecast.storyboard in Resources */,
				6E9080C125B39515008AEE80 /* Assets.xcassets in Resources */,
			);
			runOnlyForDeploymentPostprocessing = 0;
		};
		6E9080C825B39516008AEE80 /* Resources */ = {
			isa = PBXResourcesBuildPhase;
			buildActionMask = 2147483647;
			files = (
			);
			runOnlyForDeploymentPostprocessing = 0;
		};
/* End PBXResourcesBuildPhase section */

/* Begin PBXSourcesBuildPhase section */
		6E9080B025B39513008AEE80 /* Sources */ = {
			isa = PBXSourcesBuildPhase;
			buildActionMask = 2147483647;
			files = (
				6E90813025B48C5C008AEE80 /* ForecastFetcher.swift in Sources */,
				6EFE132925BA060E00D787DA /* ForecastPresenter.swift in Sources */,
				6EA1CB1525BB45E700152223 /* UILabel+AnimatedText.swift in Sources */,
				6E90813D25B48D27008AEE80 /* CityFixture.swift in Sources */,
				6E016FA425B4C33300DD9580 /* HTTPClient.swift in Sources */,
				6EFE12E925BA003300D787DA /* DependencyConfigurator.swift in Sources */,
				6E9080B825B39514008AEE80 /* AppDelegate.swift in Sources */,
				6ED2FED225B4906E0004C938 /* Weather.swift in Sources */,
				6ED4401625B8C4C800E652B3 /* CurrentDayView.swift in Sources */,
				6ED2FEDE25B490AC0004C938 /* TemperatureJSON.swift in Sources */,
				6EBD0D9225B61E8C000B995C /* ForecastConverter.swift in Sources */,
				6E2F9C1825B76BE2004370EC /* DefaultForecastConverter.swift in Sources */,
				6E016FB925B4CACC00DD9580 /* Endpoint.swift in Sources */,
				6EFE12E125B9FF6000D787DA /* DependencyProvider.swift in Sources */,
				6EA1CB0F25BB38B500152223 /* ForecastViewController+ForecastScreen.swift in Sources */,
				6EFE139125BA502400D787DA /* CurrentDateFormatter.swift in Sources */,
				6E016FAE25B4C3D700DD9580 /* DefaultHTTPClient.swift in Sources */,
				6ED4400D25B8C3CD00E652B3 /* ForecastViewController.swift in Sources */,
				6EFE138D25BA4FDB00D787DA /* WeekdayFormatter.swift in Sources */,
				6EFE136625BA1DBF00D787DA /* RequestForecastExecutor.swift in Sources */,
				6E016FB425B4C77000DD9580 /* DefaultForecastFetcher.swift in Sources */,
				6EFE134625BA18EE00D787DA /* RequestForecastResult.swift in Sources */,
				6EFE134A25BA190400D787DA /* RequestForecastError.swift in Sources */,
				6ED2FEE225B490C50004C938 /* WeatherJSON.swift in Sources */,
				6EFE138725BA4EE900D787DA /* TemperatureFormatter.swift in Sources */,
				6E90812825B48C2B008AEE80 /* RequestForecast.swift in Sources */,
				6E016FAA25B4C36C00DD9580 /* HTTPClientError.swift in Sources */,
				6E2F9C2A25B7791D004370EC /* CurrentDay.swift in Sources */,
				6E90811825B47A3C008AEE80 /* ForecastJSON.swift in Sources */,
				6ED2FECE25B4905A0004C938 /* Temperature.swift in Sources */,
				6EFE136F25BA47DA00D787DA /* InputCity.swift in Sources */,
				6EFE134E25BA192700D787DA /* ForecastFetcherResult.swift in Sources */,
				6ED2FEDA25B4909B0004C938 /* DayJSON.swift in Sources */,
				6ED4402125B8C92900E652B3 /* DayView.swift in Sources */,
				6E2F9C2425B777CF004370EC /* CurrentDayJSON.swift in Sources */,
				6E9080BA25B39514008AEE80 /* SceneDelegate.swift in Sources */,
				6ED2FECA25B490390004C938 /* Day.swift in Sources */,
				6EFE135425BA193900D787DA /* ForecastFetcherError.swift in Sources */,
				6EFE133625BA079C00D787DA /* ForecastScreen.swift in Sources */,
				6EFE138125BA4DFA00D787DA /* CurrentDayViewUpdate.swift in Sources */,
				6EFE139725BA519600D787DA /* DayViewUpdate.swift in Sources */,
				6ED2FED625B490800004C938 /* City.swift in Sources */,
				6E90811025B4799D008AEE80 /* Forecast.swift in Sources */,
				6EFE12E525B9FFCE00D787DA /* DependencyReceiver.swift in Sources */,
			);
			runOnlyForDeploymentPostprocessing = 0;
		};
		6E9080C625B39516008AEE80 /* Sources */ = {
			isa = PBXSourcesBuildPhase;
			buildActionMask = 2147483647;
			files = (
				6E016FC125B4DB0700DD9580 /* DefaultForecastFetcherTests.swift in Sources */,
				6E2F9C1C25B76C45004370EC /* DefaultForecastConverterTests.swift in Sources */,
				6E2F9C3325B77B0A004370EC /* CurrentDayFixture.swift in Sources */,
				6EFE137B25BA487300D787DA /* InputCityFixture.swift in Sources */,
				6E2F9C0925B76457004370EC /* ForecastConverterSpy.swift in Sources */,
				6E2F9C1225B76534004370EC /* ForecastFixture.swift in Sources */,
				6E016FC925B4DD3600DD9580 /* HTTPClientSpy.swift in Sources */,
				6E90812325B48BBC008AEE80 /* ForecastFetcherSpy.swift in Sources */,
				6EFE133025BA063E00D787DA /* ForecastPresenterTests.swift in Sources */,
				6E90810825B47861008AEE80 /* RequestForecastExecutorTests.swift in Sources */,
			);
			runOnlyForDeploymentPostprocessing = 0;
		};
/* End PBXSourcesBuildPhase section */

/* Begin PBXTargetDependency section */
		6E9080CC25B39516008AEE80 /* PBXTargetDependency */ = {
			isa = PBXTargetDependency;
			target = 6E9080B325B39513008AEE80 /* WeatherApp */;
			targetProxy = 6E9080CB25B39516008AEE80 /* PBXContainerItemProxy */;
		};
/* End PBXTargetDependency section */

/* Begin PBXVariantGroup section */
		6E9080C225B39515008AEE80 /* LaunchScreen.storyboard */ = {
			isa = PBXVariantGroup;
			children = (
				6E9080C325B39515008AEE80 /* Base */,
			);
			name = LaunchScreen.storyboard;
			sourceTree = "<group>";
		};
/* End PBXVariantGroup section */

/* Begin XCBuildConfiguration section */
		6E9080DC25B39516008AEE80 /* Debug */ = {
			isa = XCBuildConfiguration;
			buildSettings = {
				ALWAYS_SEARCH_USER_PATHS = NO;
				CLANG_ANALYZER_NONNULL = YES;
				CLANG_ANALYZER_NUMBER_OBJECT_CONVERSION = YES_AGGRESSIVE;
				CLANG_CXX_LANGUAGE_STANDARD = "gnu++14";
				CLANG_CXX_LIBRARY = "libc++";
				CLANG_ENABLE_MODULES = YES;
				CLANG_ENABLE_OBJC_ARC = YES;
				CLANG_ENABLE_OBJC_WEAK = YES;
				CLANG_WARN_BLOCK_CAPTURE_AUTORELEASING = YES;
				CLANG_WARN_BOOL_CONVERSION = YES;
				CLANG_WARN_COMMA = YES;
				CLANG_WARN_CONSTANT_CONVERSION = YES;
				CLANG_WARN_DEPRECATED_OBJC_IMPLEMENTATIONS = YES;
				CLANG_WARN_DIRECT_OBJC_ISA_USAGE = YES_ERROR;
				CLANG_WARN_DOCUMENTATION_COMMENTS = YES;
				CLANG_WARN_EMPTY_BODY = YES;
				CLANG_WARN_ENUM_CONVERSION = YES;
				CLANG_WARN_INFINITE_RECURSION = YES;
				CLANG_WARN_INT_CONVERSION = YES;
				CLANG_WARN_NON_LITERAL_NULL_CONVERSION = YES;
				CLANG_WARN_OBJC_IMPLICIT_RETAIN_SELF = YES;
				CLANG_WARN_OBJC_LITERAL_CONVERSION = YES;
				CLANG_WARN_OBJC_ROOT_CLASS = YES_ERROR;
				CLANG_WARN_QUOTED_INCLUDE_IN_FRAMEWORK_HEADER = YES;
				CLANG_WARN_RANGE_LOOP_ANALYSIS = YES;
				CLANG_WARN_STRICT_PROTOTYPES = YES;
				CLANG_WARN_SUSPICIOUS_MOVE = YES;
				CLANG_WARN_UNGUARDED_AVAILABILITY = YES_AGGRESSIVE;
				CLANG_WARN_UNREACHABLE_CODE = YES;
				CLANG_WARN__DUPLICATE_METHOD_MATCH = YES;
				COPY_PHASE_STRIP = NO;
				DEBUG_INFORMATION_FORMAT = dwarf;
				ENABLE_STRICT_OBJC_MSGSEND = YES;
				ENABLE_TESTABILITY = YES;
				GCC_C_LANGUAGE_STANDARD = gnu11;
				GCC_DYNAMIC_NO_PIC = NO;
				GCC_NO_COMMON_BLOCKS = YES;
				GCC_OPTIMIZATION_LEVEL = 0;
				GCC_PREPROCESSOR_DEFINITIONS = (
					"DEBUG=1",
					"$(inherited)",
				);
				GCC_WARN_64_TO_32_BIT_CONVERSION = YES;
				GCC_WARN_ABOUT_RETURN_TYPE = YES_ERROR;
				GCC_WARN_UNDECLARED_SELECTOR = YES;
				GCC_WARN_UNINITIALIZED_AUTOS = YES_AGGRESSIVE;
				GCC_WARN_UNUSED_FUNCTION = YES;
				GCC_WARN_UNUSED_VARIABLE = YES;
				IPHONEOS_DEPLOYMENT_TARGET = 14.2;
				MTL_ENABLE_DEBUG_INFO = INCLUDE_SOURCE;
				MTL_FAST_MATH = YES;
				ONLY_ACTIVE_ARCH = YES;
				SDKROOT = iphoneos;
				SWIFT_ACTIVE_COMPILATION_CONDITIONS = DEBUG;
				SWIFT_OPTIMIZATION_LEVEL = "-Onone";
			};
			name = Debug;
		};
		6E9080DD25B39516008AEE80 /* Release */ = {
			isa = XCBuildConfiguration;
			buildSettings = {
				ALWAYS_SEARCH_USER_PATHS = NO;
				CLANG_ANALYZER_NONNULL = YES;
				CLANG_ANALYZER_NUMBER_OBJECT_CONVERSION = YES_AGGRESSIVE;
				CLANG_CXX_LANGUAGE_STANDARD = "gnu++14";
				CLANG_CXX_LIBRARY = "libc++";
				CLANG_ENABLE_MODULES = YES;
				CLANG_ENABLE_OBJC_ARC = YES;
				CLANG_ENABLE_OBJC_WEAK = YES;
				CLANG_WARN_BLOCK_CAPTURE_AUTORELEASING = YES;
				CLANG_WARN_BOOL_CONVERSION = YES;
				CLANG_WARN_COMMA = YES;
				CLANG_WARN_CONSTANT_CONVERSION = YES;
				CLANG_WARN_DEPRECATED_OBJC_IMPLEMENTATIONS = YES;
				CLANG_WARN_DIRECT_OBJC_ISA_USAGE = YES_ERROR;
				CLANG_WARN_DOCUMENTATION_COMMENTS = YES;
				CLANG_WARN_EMPTY_BODY = YES;
				CLANG_WARN_ENUM_CONVERSION = YES;
				CLANG_WARN_INFINITE_RECURSION = YES;
				CLANG_WARN_INT_CONVERSION = YES;
				CLANG_WARN_NON_LITERAL_NULL_CONVERSION = YES;
				CLANG_WARN_OBJC_IMPLICIT_RETAIN_SELF = YES;
				CLANG_WARN_OBJC_LITERAL_CONVERSION = YES;
				CLANG_WARN_OBJC_ROOT_CLASS = YES_ERROR;
				CLANG_WARN_QUOTED_INCLUDE_IN_FRAMEWORK_HEADER = YES;
				CLANG_WARN_RANGE_LOOP_ANALYSIS = YES;
				CLANG_WARN_STRICT_PROTOTYPES = YES;
				CLANG_WARN_SUSPICIOUS_MOVE = YES;
				CLANG_WARN_UNGUARDED_AVAILABILITY = YES_AGGRESSIVE;
				CLANG_WARN_UNREACHABLE_CODE = YES;
				CLANG_WARN__DUPLICATE_METHOD_MATCH = YES;
				COPY_PHASE_STRIP = NO;
				DEBUG_INFORMATION_FORMAT = "dwarf-with-dsym";
				ENABLE_NS_ASSERTIONS = NO;
				ENABLE_STRICT_OBJC_MSGSEND = YES;
				GCC_C_LANGUAGE_STANDARD = gnu11;
				GCC_NO_COMMON_BLOCKS = YES;
				GCC_WARN_64_TO_32_BIT_CONVERSION = YES;
				GCC_WARN_ABOUT_RETURN_TYPE = YES_ERROR;
				GCC_WARN_UNDECLARED_SELECTOR = YES;
				GCC_WARN_UNINITIALIZED_AUTOS = YES_AGGRESSIVE;
				GCC_WARN_UNUSED_FUNCTION = YES;
				GCC_WARN_UNUSED_VARIABLE = YES;
				IPHONEOS_DEPLOYMENT_TARGET = 14.2;
				MTL_ENABLE_DEBUG_INFO = NO;
				MTL_FAST_MATH = YES;
				SDKROOT = iphoneos;
				SWIFT_COMPILATION_MODE = wholemodule;
				SWIFT_OPTIMIZATION_LEVEL = "-O";
				VALIDATE_PRODUCT = YES;
			};
			name = Release;
		};
		6E9080DF25B39516008AEE80 /* Debug */ = {
			isa = XCBuildConfiguration;
			buildSettings = {
				ASSETCATALOG_COMPILER_APPICON_NAME = AppIcon;
				ASSETCATALOG_COMPILER_GLOBAL_ACCENT_COLOR_NAME = AccentColor;
				CODE_SIGN_STYLE = Automatic;
				DEVELOPMENT_TEAM = HF4NVVGD52;
				INFOPLIST_FILE = Sources/Info.plist;
				LD_RUNPATH_SEARCH_PATHS = (
					"$(inherited)",
					"@executable_path/Frameworks",
				);
				PRODUCT_BUNDLE_IDENTIFIER = com.marcvit.WeatherApp;
				PRODUCT_NAME = "$(TARGET_NAME)";
				SWIFT_VERSION = 5.0;
				TARGETED_DEVICE_FAMILY = "1,2";
			};
			name = Debug;
		};
		6E9080E025B39516008AEE80 /* Release */ = {
			isa = XCBuildConfiguration;
			buildSettings = {
				ASSETCATALOG_COMPILER_APPICON_NAME = AppIcon;
				ASSETCATALOG_COMPILER_GLOBAL_ACCENT_COLOR_NAME = AccentColor;
				CODE_SIGN_STYLE = Automatic;
				DEVELOPMENT_TEAM = HF4NVVGD52;
				INFOPLIST_FILE = Sources/Info.plist;
				LD_RUNPATH_SEARCH_PATHS = (
					"$(inherited)",
					"@executable_path/Frameworks",
				);
				PRODUCT_BUNDLE_IDENTIFIER = com.marcvit.WeatherApp;
				PRODUCT_NAME = "$(TARGET_NAME)";
				SWIFT_VERSION = 5.0;
				TARGETED_DEVICE_FAMILY = "1,2";
			};
			name = Release;
		};
		6E9080E225B39516008AEE80 /* Debug */ = {
			isa = XCBuildConfiguration;
			buildSettings = {
				ALWAYS_EMBED_SWIFT_STANDARD_LIBRARIES = YES;
				BUNDLE_LOADER = "$(TEST_HOST)";
				CODE_SIGN_STYLE = Automatic;
				INFOPLIST_FILE = Tests/Info.plist;
				IPHONEOS_DEPLOYMENT_TARGET = 14.2;
				LD_RUNPATH_SEARCH_PATHS = (
					"$(inherited)",
					"@executable_path/Frameworks",
					"@loader_path/Frameworks",
				);
				PRODUCT_BUNDLE_IDENTIFIER = com.marcvit.WeatherAppTests;
				PRODUCT_NAME = "$(TARGET_NAME)";
				SWIFT_VERSION = 5.0;
				TARGETED_DEVICE_FAMILY = "1,2";
				TEST_HOST = "$(BUILT_PRODUCTS_DIR)/WeatherApp.app/WeatherApp";
			};
			name = Debug;
		};
		6E9080E325B39516008AEE80 /* Release */ = {
			isa = XCBuildConfiguration;
			buildSettings = {
				ALWAYS_EMBED_SWIFT_STANDARD_LIBRARIES = YES;
				BUNDLE_LOADER = "$(TEST_HOST)";
				CODE_SIGN_STYLE = Automatic;
				INFOPLIST_FILE = Tests/Info.plist;
				IPHONEOS_DEPLOYMENT_TARGET = 14.2;
				LD_RUNPATH_SEARCH_PATHS = (
					"$(inherited)",
					"@executable_path/Frameworks",
					"@loader_path/Frameworks",
				);
				PRODUCT_BUNDLE_IDENTIFIER = com.marcvit.WeatherAppTests;
				PRODUCT_NAME = "$(TARGET_NAME)";
				SWIFT_VERSION = 5.0;
				TARGETED_DEVICE_FAMILY = "1,2";
				TEST_HOST = "$(BUILT_PRODUCTS_DIR)/WeatherApp.app/WeatherApp";
			};
			name = Release;
		};
/* End XCBuildConfiguration section */

/* Begin XCConfigurationList section */
		6E9080AF25B39513008AEE80 /* Build configuration list for PBXProject "WeatherApp" */ = {
			isa = XCConfigurationList;
			buildConfigurations = (
				6E9080DC25B39516008AEE80 /* Debug */,
				6E9080DD25B39516008AEE80 /* Release */,
			);
			defaultConfigurationIsVisible = 0;
			defaultConfigurationName = Release;
		};
		6E9080DE25B39516008AEE80 /* Build configuration list for PBXNativeTarget "WeatherApp" */ = {
			isa = XCConfigurationList;
			buildConfigurations = (
				6E9080DF25B39516008AEE80 /* Debug */,
				6E9080E025B39516008AEE80 /* Release */,
			);
			defaultConfigurationIsVisible = 0;
			defaultConfigurationName = Release;
		};
		6E9080E125B39516008AEE80 /* Build configuration list for PBXNativeTarget "WeatherAppTests" */ = {
			isa = XCConfigurationList;
			buildConfigurations = (
				6E9080E225B39516008AEE80 /* Debug */,
				6E9080E325B39516008AEE80 /* Release */,
			);
			defaultConfigurationIsVisible = 0;
			defaultConfigurationName = Release;
		};
/* End XCConfigurationList section */
	};
	rootObject = 6E9080AC25B39513008AEE80 /* Project object */;
}
